
Microsoft Visual Studio Solution File, Format Version 12.00
# Visual Studio Version 17
VisualStudioVersion = 17.5.002.0
MinimumVisualStudioVersion = 10.0.40219.1
Project("{9A19103F-16F7-4668-BE54-9A1E7A4F7556}") = "proyecto", "proyecto\proyecto.csproj", "{6E21C198-5A04-4063-815E-4489FABBF196}"
EndProject
Global
	GlobalSection(SolutionConfigurationPlatforms) = preSolution
		Debug|Any CPU = Debug|Any CPU
		Release|Any CPU = Release|Any CPU
	EndGlobalSection
	GlobalSection(ProjectConfigurationPlatforms) = postSolution
		{6E21C198-5A04-4063-815E-4489FABBF196}.Debug|Any CPU.ActiveCfg = Debug|Any CPU
		{6E21C198-5A04-4063-815E-4489FABBF196}.Debug|Any CPU.Build.0 = Debug|Any CPU
		{6E21C198-5A04-4063-815E-4489FABBF196}.Release|Any CPU.ActiveCfg = Release|Any CPU
		{6E21C198-5A04-4063-815E-4489FABBF196}.Release|Any CPU.Build.0 = Release|Any CPU
	EndGlobalSection
	GlobalSection(SolutionProperties) = preSolution
		HideSolutionNode = FALSE
	EndGlobalSection
	GlobalSection(ExtensibilityGlobals) = postSolution
		SolutionGuid = {BE87F3F6-78FF-4EAA-B686-1798050754F3}
	EndGlobalSection
EndGlobal
